
Microsoft Visual Studio Solution File, Format Version 12.00
# Visual Studio Version 17
VisualStudioVersion = 17.5.33530.505
MinimumVisualStudioVersion = 10.0.40219.1
Project("{FAE04EC0-301F-11D3-BF4B-00C04F79EFBC}") = "BelgiumASPNETCoreWebApp", "BelgiumASPNETCoreWebApp.csproj", "{7836D944-13C2-4DB9-A5D6-60A911A5B04A}"
EndProject
Global
	GlobalSection(SolutionConfigurationPlatforms) = preSolution
		Debug|Any CPU = Debug|Any CPU
		Release|Any CPU = Release|Any CPU
	EndGlobalSection
	GlobalSection(ProjectConfigurationPlatforms) = postSolution
		{7836D944-13C2-4DB9-A5D6-60A911A5B04A}.Debug|Any CPU.ActiveCfg = Debug|Any CPU
		{7836D944-13C2-4DB9-A5D6-60A911A5B04A}.Debug|Any CPU.Build.0 = Debug|Any CPU
		{7836D944-13C2-4DB9-A5D6-60A911A5B04A}.Release|Any CPU.ActiveCfg = Release|Any CPU
		{7836D944-13C2-4DB9-A5D6-60A911A5B04A}.Release|Any CPU.Build.0 = Release|Any CPU
	EndGlobalSection
	GlobalSection(SolutionProperties) = preSolution
		HideSolutionNode = FALSE
	EndGlobalSection
	GlobalSection(ExtensibilityGlobals) = postSolution
		SolutionGuid = {1F4F6757-80AD-4E87-860A-FB7B63CD0F70}
	EndGlobalSection
EndGlobal
